
Microsoft Visual Studio Solution File, Format Version 12.00
# Visual Studio Version 17
VisualStudioVersion = 17.1.32319.34
MinimumVisualStudioVersion = 10.0.40219.1
Project("{FAE04EC0-301F-11D3-BF4B-00C04F79EFBC}") = "SearchUI", "SearchUI\SearchUI.csproj", "{CEE4738D-0CAE-47E3-B229-3265321C4B4A}"
EndProject
Global
	GlobalSection(SolutionConfigurationPlatforms) = preSolution
		Debug|Any CPU = Debug|Any CPU
		Release|Any CPU = Release|Any CPU
	EndGlobalSection
	GlobalSection(ProjectConfigurationPlatforms) = postSolution
		{CEE4738D-0CAE-47E3-B229-3265321C4B4A}.Debug|Any CPU.ActiveCfg = Debug|Any CPU
		{CEE4738D-0CAE-47E3-B229-3265321C4B4A}.Debug|Any CPU.Build.0 = Debug|Any CPU
		{CEE4738D-0CAE-47E3-B229-3265321C4B4A}.Release|Any CPU.ActiveCfg = Release|Any CPU
		{CEE4738D-0CAE-47E3-B229-3265321C4B4A}.Release|Any CPU.Build.0 = Release|Any CPU
	EndGlobalSection
	GlobalSection(SolutionProperties) = preSolution
		HideSolutionNode = FALSE
	EndGlobalSection
	GlobalSection(ExtensibilityGlobals) = postSolution
		SolutionGuid = {FEA73FDD-8E81-44E5-9B03-246658FAF89E}
	EndGlobalSection
EndGlobal
